# Negative control for the lock audit in CI: one release with published
# advisories (for example PYSEC-2021-108). The audit of this file must fail.
# Never install it.
urllib3==1.26.4 \
    --hash=sha256:2f4da4594db7e1e110a944bb1b551fdf4e6c136ad42e4234131391e21eb5b0df \
    --hash=sha256:e7b021f7241115872f92f43c6508082facffbd1c048e3c6e2bb9c2a157e28937
